
Microsoft Visual Studio Solution File, Format Version 12.00
# Visual Studio Version 17
VisualStudioVersion = 17.13.35919.96
MinimumVisualStudioVersion = 10.0.40219.1
Project("{2150E333-8FDC-42A3-9474-1A3956D46DE8}") = "src", "src", "{02EA681E-C7D8-13C7-8484-4AC65E1B71E8}"
EndProject
Project("{2150E333-8FDC-42A3-9474-1A3956D46DE8}") = "Infrastructure", "Infrastructure", "{AC535EEC-C3CD-4598-9164-663B7606D469}"
EndProject
Project("{2150E333-8FDC-42A3-9474-1A3956D46DE8}") = "Presentation", "Presentation", "{968DDFC3-AC49-49E2-AE27-E00C61086A8B}"
EndProject
Project("{2150E333-8FDC-42A3-9474-1A3956D46DE8}") = "Gateway", "Gateway", "{E5AAF5D0-272F-47AF-A586-E8824AEEE15E}"
EndProject
Project("{2150E333-8FDC-42A3-9474-1A3956D46DE8}") = "tests", "tests", "{1B34FC95-7424-4EE8-B3EA-ACFB8F807E71}"
EndProject
Project("{2150E333-8FDC-42A3-9474-1A3956D46DE8}") = "FunctionalTests", "FunctionalTests", "{ED6B67DF-DA95-4D99-93F0-91AB9BFF16FF}"
EndProject
Project("{2150E333-8FDC-42A3-9474-1A3956D46DE8}") = "UnitTests", "UnitTests", "{04D1EC6F-1F89-4C0C-99CA-6D88F7528AE9}"
EndProject
Project("{2150E333-8FDC-42A3-9474-1A3956D46DE8}") = "IntegrationTests", "IntegrationTests", "{40F654FB-8464-44D5-9770-18BC754157E6}"
EndProject
Project("{2150E333-8FDC-42A3-9474-1A3956D46DE8}") = "Services", "Services", "{EEBC2D81-746C-4AA2-ABC0-35E2DB5104FF}"
EndProject
Project("{2150E333-8FDC-42A3-9474-1A3956D46DE8}") = "SolutionFiles", "SolutionFiles", "{8EC462FD-D22E-90A8-E5CE-7E832BA40C5D}"
EndProject
Project("{E53339B2-1760-4266-BCC7-CA923CBCF16C}") = "docker-compose", "docker-compose.dcproj", "{81DDED9D-158B-E303-5F62-77A2896D2A5A}"
EndProject
Project("{FAE04EC0-301F-11D3-BF4B-00C04F79EFBC}") = "TicketFly.EmailParser", "src\Services\TicketFly.EmailParser\TicketFly.EmailParser.csproj", "{4B8AC3CA-25EA-2FF4-D5EF-8330BB8BD234}"
EndProject
Project("{FAE04EC0-301F-11D3-BF4B-00C04F79EFBC}") = "TicketFly.Notifications", "src\Services\TicketFly.Notifications\TicketFly.Notifications.csproj", "{4B59BB13-67FC-A0F6-CA9A-F7277C5BFBF7}"
EndProject
Project("{FAE04EC0-301F-11D3-BF4B-00C04F79EFBC}") = "TicketFly.Api", "src\Presentation\TicketFly.Api\TicketFly.Api.csproj", "{9FF63A32-16E4-FA02-1B05-22C558F5BFC5}"
EndProject
Project("{FAE04EC0-301F-11D3-BF4B-00C04F79EFBC}") = "TicketFly.Application", "src\Infrastructure\TicketFly.Application\TicketFly.Application.csproj", "{0A5E969B-A8B0-0F40-7BDE-01D7797DEB4E}"
EndProject
Project("{FAE04EC0-301F-11D3-BF4B-00C04F79EFBC}") = "TicketFly.Domain", "src\Infrastructure\TicketFly.Domain\TicketFly.Domain.csproj", "{931F4496-C223-3584-0BBA-8D9AF64A16A6}"
EndProject
Project("{FAE04EC0-301F-11D3-BF4B-00C04F79EFBC}") = "TicketFly.Infrastructure", "src\Infrastructure\TicketFly.Infrastructure\TicketFly.Infrastructure.csproj", "{39D687DC-A6D5-6B0A-ED6B-2815EA2E1CAA}"
EndProject
Project("{FAE04EC0-301F-11D3-BF4B-00C04F79EFBC}") = "TicketFly.Gateway", "src\Presentation\TicketFly.Gateway\TicketFly.Gateway.csproj", "{EFF4DD9D-ACB9-726D-5424-BAB5D97AB4E9}"
EndProject
Project("{FAE04EC0-301F-11D3-BF4B-00C04F79EFBC}") = "TicketFly.Shared", "src\Infrastructure\SharedRabbitMQ\TicketFly.Shared.csproj", "{2B496EF3-0082-A9CC-2C3E-EBF6451FCD8D}"
EndProject
Global
	GlobalSection(SolutionConfigurationPlatforms) = preSolution
		Debug|Any CPU = Debug|Any CPU
		Release|Any CPU = Release|Any CPU
	EndGlobalSection
	GlobalSection(ProjectConfigurationPlatforms) = postSolution
		{81DDED9D-158B-E303-5F62-77A2896D2A5A}.Debug|Any CPU.ActiveCfg = Debug|Any CPU
		{81DDED9D-158B-E303-5F62-77A2896D2A5A}.Debug|Any CPU.Build.0 = Debug|Any CPU
		{81DDED9D-158B-E303-5F62-77A2896D2A5A}.Release|Any CPU.ActiveCfg = Release|Any CPU
		{81DDED9D-158B-E303-5F62-77A2896D2A5A}.Release|Any CPU.Build.0 = Release|Any CPU
		{4B8AC3CA-25EA-2FF4-D5EF-8330BB8BD234}.Debug|Any CPU.ActiveCfg = Debug|Any CPU
		{4B8AC3CA-25EA-2FF4-D5EF-8330BB8BD234}.Debug|Any CPU.Build.0 = Debug|Any CPU
		{4B8AC3CA-25EA-2FF4-D5EF-8330BB8BD234}.Release|Any CPU.ActiveCfg = Release|Any CPU
		{4B8AC3CA-25EA-2FF4-D5EF-8330BB8BD234}.Release|Any CPU.Build.0 = Release|Any CPU
		{4B59BB13-67FC-A0F6-CA9A-F7277C5BFBF7}.Debug|Any CPU.ActiveCfg = Debug|Any CPU
		{4B59BB13-67FC-A0F6-CA9A-F7277C5BFBF7}.Debug|Any CPU.Build.0 = Debug|Any CPU
		{4B59BB13-67FC-A0F6-CA9A-F7277C5BFBF7}.Release|Any CPU.ActiveCfg = Release|Any CPU
		{4B59BB13-67FC-A0F6-CA9A-F7277C5BFBF7}.Release|Any CPU.Build.0 = Release|Any CPU
		{9FF63A32-16E4-FA02-1B05-22C558F5BFC5}.Debug|Any CPU.ActiveCfg = Debug|Any CPU
		{9FF63A32-16E4-FA02-1B05-22C558F5BFC5}.Debug|Any CPU.Build.0 = Debug|Any CPU
		{9FF63A32-16E4-FA02-1B05-22C558F5BFC5}.Release|Any CPU.ActiveCfg = Release|Any CPU
		{9FF63A32-16E4-FA02-1B05-22C558F5BFC5}.Release|Any CPU.Build.0 = Release|Any CPU
		{0A5E969B-A8B0-0F40-7BDE-01D7797DEB4E}.Debug|Any CPU.ActiveCfg = Debug|Any CPU
		{0A5E969B-A8B0-0F40-7BDE-01D7797DEB4E}.Debug|Any CPU.Build.0 = Debug|Any CPU
		{0A5E969B-A8B0-0F40-7BDE-01D7797DEB4E}.Release|Any CPU.ActiveCfg = Release|Any CPU
		{0A5E969B-A8B0-0F40-7BDE-01D7797DEB4E}.Release|Any CPU.Build.0 = Release|Any CPU
		{931F4496-C223-3584-0BBA-8D9AF64A16A6}.Debug|Any CPU.ActiveCfg = Debug|Any CPU
		{931F4496-C223-3584-0BBA-8D9AF64A16A6}.Debug|Any CPU.Build.0 = Debug|Any CPU
		{931F4496-C223-3584-0BBA-8D9AF64A16A6}.Release|Any CPU.ActiveCfg = Release|Any CPU
		{931F4496-C223-3584-0BBA-8D9AF64A16A6}.Release|Any CPU.Build.0 = Release|Any CPU
		{39D687DC-A6D5-6B0A-ED6B-2815EA2E1CAA}.Debug|Any CPU.ActiveCfg = Debug|Any CPU
		{39D687DC-A6D5-6B0A-ED6B-2815EA2E1CAA}.Debug|Any CPU.Build.0 = Debug|Any CPU
		{39D687DC-A6D5-6B0A-ED6B-2815EA2E1CAA}.Release|Any CPU.ActiveCfg = Release|Any CPU
		{39D687DC-A6D5-6B0A-ED6B-2815EA2E1CAA}.Release|Any CPU.Build.0 = Release|Any CPU
		{EFF4DD9D-ACB9-726D-5424-BAB5D97AB4E9}.Debug|Any CPU.ActiveCfg = Debug|Any CPU
		{EFF4DD9D-ACB9-726D-5424-BAB5D97AB4E9}.Debug|Any CPU.Build.0 = Debug|Any CPU
		{EFF4DD9D-ACB9-726D-5424-BAB5D97AB4E9}.Release|Any CPU.ActiveCfg = Release|Any CPU
		{EFF4DD9D-ACB9-726D-5424-BAB5D97AB4E9}.Release|Any CPU.Build.0 = Release|Any CPU
		{2B496EF3-0082-A9CC-2C3E-EBF6451FCD8D}.Debug|Any CPU.ActiveCfg = Debug|Any CPU
		{2B496EF3-0082-A9CC-2C3E-EBF6451FCD8D}.Debug|Any CPU.Build.0 = Debug|Any CPU
		{2B496EF3-0082-A9CC-2C3E-EBF6451FCD8D}.Release|Any CPU.ActiveCfg = Release|Any CPU
		{2B496EF3-0082-A9CC-2C3E-EBF6451FCD8D}.Release|Any CPU.Build.0 = Release|Any CPU
	EndGlobalSection
	GlobalSection(SolutionProperties) = preSolution
		HideSolutionNode = FALSE
	EndGlobalSection
	GlobalSection(NestedProjects) = preSolution
		{AC535EEC-C3CD-4598-9164-663B7606D469} = {02EA681E-C7D8-13C7-8484-4AC65E1B71E8}
		{968DDFC3-AC49-49E2-AE27-E00C61086A8B} = {02EA681E-C7D8-13C7-8484-4AC65E1B71E8}
		{E5AAF5D0-272F-47AF-A586-E8824AEEE15E} = {02EA681E-C7D8-13C7-8484-4AC65E1B71E8}
		{ED6B67DF-DA95-4D99-93F0-91AB9BFF16FF} = {1B34FC95-7424-4EE8-B3EA-ACFB8F807E71}
		{04D1EC6F-1F89-4C0C-99CA-6D88F7528AE9} = {1B34FC95-7424-4EE8-B3EA-ACFB8F807E71}
		{40F654FB-8464-44D5-9770-18BC754157E6} = {1B34FC95-7424-4EE8-B3EA-ACFB8F807E71}
		{EEBC2D81-746C-4AA2-ABC0-35E2DB5104FF} = {02EA681E-C7D8-13C7-8484-4AC65E1B71E8}
		{4B8AC3CA-25EA-2FF4-D5EF-8330BB8BD234} = {EEBC2D81-746C-4AA2-ABC0-35E2DB5104FF}
		{4B59BB13-67FC-A0F6-CA9A-F7277C5BFBF7} = {EEBC2D81-746C-4AA2-ABC0-35E2DB5104FF}
		{9FF63A32-16E4-FA02-1B05-22C558F5BFC5} = {968DDFC3-AC49-49E2-AE27-E00C61086A8B}
		{0A5E969B-A8B0-0F40-7BDE-01D7797DEB4E} = {AC535EEC-C3CD-4598-9164-663B7606D469}
		{931F4496-C223-3584-0BBA-8D9AF64A16A6} = {AC535EEC-C3CD-4598-9164-663B7606D469}
		{39D687DC-A6D5-6B0A-ED6B-2815EA2E1CAA} = {AC535EEC-C3CD-4598-9164-663B7606D469}
		{EFF4DD9D-ACB9-726D-5424-BAB5D97AB4E9} = {E5AAF5D0-272F-47AF-A586-E8824AEEE15E}
		{2B496EF3-0082-A9CC-2C3E-EBF6451FCD8D} = {AC535EEC-C3CD-4598-9164-663B7606D469}
	EndGlobalSection
	GlobalSection(ExtensibilityGlobals) = postSolution
		SolutionGuid = {996C26A9-E049-43EC-8566-E560083A87A6}
	EndGlobalSection
EndGlobal
