
Microsoft Visual Studio Solution File, Format Version 12.00
# Visual Studio Version 17
VisualStudioVersion = 17.13.35919.96
MinimumVisualStudioVersion = 10.0.40219.1
Project("{2150E333-8FDC-42A3-9474-1A3956D46DE8}") = "src", "src", "{02EA681E-C7D8-13C7-8484-4AC65E1B71E8}"
EndProject
Project("{FAE04EC0-301F-11D3-BF4B-00C04F79EFBC}") = "TicketFly.Domain", "src\TicketFly.Domain\TicketFly.Domain.csproj", "{009D6616-7241-4EA2-F315-FCFDDADBC223}"
EndProject
Project("{2150E333-8FDC-42A3-9474-1A3956D46DE8}") = "Infrastructure", "Infrastructure", "{AC535EEC-C3CD-4598-9164-663B7606D469}"
EndProject
Project("{FAE04EC0-301F-11D3-BF4B-00C04F79EFBC}") = "TicketFly.Application", "src\TicketFly.Application\TicketFly.Application.csproj", "{C6E73F25-1B55-FFA7-B2E0-1C50F8F97930}"
EndProject
Project("{FAE04EC0-301F-11D3-BF4B-00C04F79EFBC}") = "TicketFly.Infrastructure", "src\TicketFly.Infrastructure\TicketFly.Infrastructure.csproj", "{7104925F-461B-79AA-F558-746B2707235D}"
EndProject
Project("{2150E333-8FDC-42A3-9474-1A3956D46DE8}") = "Presentation", "Presentation", "{968DDFC3-AC49-49E2-AE27-E00C61086A8B}"
EndProject
Project("{FAE04EC0-301F-11D3-BF4B-00C04F79EFBC}") = "Api", "src\TicketFly.Api\Api.csproj", "{64BC57FA-D350-F606-DEF4-DF9E3C514A9B}"
EndProject
Project("{2150E333-8FDC-42A3-9474-1A3956D46DE8}") = "Gateway", "Gateway", "{E5AAF5D0-272F-47AF-A586-E8824AEEE15E}"
EndProject
Project("{FAE04EC0-301F-11D3-BF4B-00C04F79EFBC}") = "TicketFly.Gateway", "src\TicketFly.Gateway\TicketFly.Gateway.csproj", "{C4482B31-1EED-D92E-BF7C-695C3534F0F1}"
EndProject
Project("{2150E333-8FDC-42A3-9474-1A3956D46DE8}") = "tests", "tests", "{1B34FC95-7424-4EE8-B3EA-ACFB8F807E71}"
EndProject
Project("{2150E333-8FDC-42A3-9474-1A3956D46DE8}") = "FunctionalTests", "FunctionalTests", "{ED6B67DF-DA95-4D99-93F0-91AB9BFF16FF}"
EndProject
Project("{2150E333-8FDC-42A3-9474-1A3956D46DE8}") = "UnitTests", "UnitTests", "{04D1EC6F-1F89-4C0C-99CA-6D88F7528AE9}"
EndProject
Project("{2150E333-8FDC-42A3-9474-1A3956D46DE8}") = "IntegrationTests", "IntegrationTests", "{40F654FB-8464-44D5-9770-18BC754157E6}"
EndProject
Project("{2150E333-8FDC-42A3-9474-1A3956D46DE8}") = "Services", "Services", "{EEBC2D81-746C-4AA2-ABC0-35E2DB5104FF}"
EndProject
Project("{FAE04EC0-301F-11D3-BF4B-00C04F79EFBC}") = "TicketFly.EmailParser", "TicketFly.EmailParser\TicketFly.EmailParser.csproj", "{C8AA4E31-9467-4FBA-BCAF-5652F4E0AAFE}"
EndProject
Project("{FAE04EC0-301F-11D3-BF4B-00C04F79EFBC}") = "RabbitMQ.Shared", "Shared\RabbitMQ.Shared.csproj", "{E2BBD9AB-54DD-4836-876D-5688F55948BE}"
EndProject
Project("{FAE04EC0-301F-11D3-BF4B-00C04F79EFBC}") = "TicketFly.Notifications", "TicketFly.Notifications\TicketFly.Notifications.csproj", "{7424E21A-55F9-4DFA-B907-FD2EBA419A9D}"
EndProject
Project("{2150E333-8FDC-42A3-9474-1A3956D46DE8}") = "SolutionFiles", "SolutionFiles", "{8EC462FD-D22E-90A8-E5CE-7E832BA40C5D}"
	ProjectSection(SolutionItems) = preProject
		docker-compose.yml = docker-compose.yml
	EndProjectSection
EndProject
Global
	GlobalSection(SolutionConfigurationPlatforms) = preSolution
		Debug|Any CPU = Debug|Any CPU
		Release|Any CPU = Release|Any CPU
	EndGlobalSection
	GlobalSection(ProjectConfigurationPlatforms) = postSolution
		{009D6616-7241-4EA2-F315-FCFDDADBC223}.Debug|Any CPU.ActiveCfg = Debug|Any CPU
		{009D6616-7241-4EA2-F315-FCFDDADBC223}.Debug|Any CPU.Build.0 = Debug|Any CPU
		{009D6616-7241-4EA2-F315-FCFDDADBC223}.Release|Any CPU.ActiveCfg = Release|Any CPU
		{009D6616-7241-4EA2-F315-FCFDDADBC223}.Release|Any CPU.Build.0 = Release|Any CPU
		{C6E73F25-1B55-FFA7-B2E0-1C50F8F97930}.Debug|Any CPU.ActiveCfg = Debug|Any CPU
		{C6E73F25-1B55-FFA7-B2E0-1C50F8F97930}.Debug|Any CPU.Build.0 = Debug|Any CPU
		{C6E73F25-1B55-FFA7-B2E0-1C50F8F97930}.Release|Any CPU.ActiveCfg = Release|Any CPU
		{C6E73F25-1B55-FFA7-B2E0-1C50F8F97930}.Release|Any CPU.Build.0 = Release|Any CPU
		{7104925F-461B-79AA-F558-746B2707235D}.Debug|Any CPU.ActiveCfg = Debug|Any CPU
		{7104925F-461B-79AA-F558-746B2707235D}.Debug|Any CPU.Build.0 = Debug|Any CPU
		{7104925F-461B-79AA-F558-746B2707235D}.Release|Any CPU.ActiveCfg = Release|Any CPU
		{7104925F-461B-79AA-F558-746B2707235D}.Release|Any CPU.Build.0 = Release|Any CPU
		{64BC57FA-D350-F606-DEF4-DF9E3C514A9B}.Debug|Any CPU.ActiveCfg = Debug|Any CPU
		{64BC57FA-D350-F606-DEF4-DF9E3C514A9B}.Debug|Any CPU.Build.0 = Debug|Any CPU
		{64BC57FA-D350-F606-DEF4-DF9E3C514A9B}.Release|Any CPU.ActiveCfg = Release|Any CPU
		{64BC57FA-D350-F606-DEF4-DF9E3C514A9B}.Release|Any CPU.Build.0 = Release|Any CPU
		{C4482B31-1EED-D92E-BF7C-695C3534F0F1}.Debug|Any CPU.ActiveCfg = Debug|Any CPU
		{C4482B31-1EED-D92E-BF7C-695C3534F0F1}.Debug|Any CPU.Build.0 = Debug|Any CPU
		{C4482B31-1EED-D92E-BF7C-695C3534F0F1}.Release|Any CPU.ActiveCfg = Release|Any CPU
		{C4482B31-1EED-D92E-BF7C-695C3534F0F1}.Release|Any CPU.Build.0 = Release|Any CPU
		{C8AA4E31-9467-4FBA-BCAF-5652F4E0AAFE}.Debug|Any CPU.ActiveCfg = Debug|Any CPU
		{C8AA4E31-9467-4FBA-BCAF-5652F4E0AAFE}.Debug|Any CPU.Build.0 = Debug|Any CPU
		{C8AA4E31-9467-4FBA-BCAF-5652F4E0AAFE}.Release|Any CPU.ActiveCfg = Release|Any CPU
		{C8AA4E31-9467-4FBA-BCAF-5652F4E0AAFE}.Release|Any CPU.Build.0 = Release|Any CPU
		{E2BBD9AB-54DD-4836-876D-5688F55948BE}.Debug|Any CPU.ActiveCfg = Debug|Any CPU
		{E2BBD9AB-54DD-4836-876D-5688F55948BE}.Debug|Any CPU.Build.0 = Debug|Any CPU
		{E2BBD9AB-54DD-4836-876D-5688F55948BE}.Release|Any CPU.ActiveCfg = Release|Any CPU
		{E2BBD9AB-54DD-4836-876D-5688F55948BE}.Release|Any CPU.Build.0 = Release|Any CPU
		{7424E21A-55F9-4DFA-B907-FD2EBA419A9D}.Debug|Any CPU.ActiveCfg = Debug|Any CPU
		{7424E21A-55F9-4DFA-B907-FD2EBA419A9D}.Debug|Any CPU.Build.0 = Debug|Any CPU
		{7424E21A-55F9-4DFA-B907-FD2EBA419A9D}.Release|Any CPU.ActiveCfg = Release|Any CPU
		{7424E21A-55F9-4DFA-B907-FD2EBA419A9D}.Release|Any CPU.Build.0 = Release|Any CPU
	EndGlobalSection
	GlobalSection(SolutionProperties) = preSolution
		HideSolutionNode = FALSE
	EndGlobalSection
	GlobalSection(NestedProjects) = preSolution
		{009D6616-7241-4EA2-F315-FCFDDADBC223} = {AC535EEC-C3CD-4598-9164-663B7606D469}
		{AC535EEC-C3CD-4598-9164-663B7606D469} = {02EA681E-C7D8-13C7-8484-4AC65E1B71E8}
		{C6E73F25-1B55-FFA7-B2E0-1C50F8F97930} = {AC535EEC-C3CD-4598-9164-663B7606D469}
		{7104925F-461B-79AA-F558-746B2707235D} = {AC535EEC-C3CD-4598-9164-663B7606D469}
		{968DDFC3-AC49-49E2-AE27-E00C61086A8B} = {02EA681E-C7D8-13C7-8484-4AC65E1B71E8}
		{64BC57FA-D350-F606-DEF4-DF9E3C514A9B} = {968DDFC3-AC49-49E2-AE27-E00C61086A8B}
		{E5AAF5D0-272F-47AF-A586-E8824AEEE15E} = {02EA681E-C7D8-13C7-8484-4AC65E1B71E8}
		{C4482B31-1EED-D92E-BF7C-695C3534F0F1} = {E5AAF5D0-272F-47AF-A586-E8824AEEE15E}
		{ED6B67DF-DA95-4D99-93F0-91AB9BFF16FF} = {1B34FC95-7424-4EE8-B3EA-ACFB8F807E71}
		{04D1EC6F-1F89-4C0C-99CA-6D88F7528AE9} = {1B34FC95-7424-4EE8-B3EA-ACFB8F807E71}
		{40F654FB-8464-44D5-9770-18BC754157E6} = {1B34FC95-7424-4EE8-B3EA-ACFB8F807E71}
		{EEBC2D81-746C-4AA2-ABC0-35E2DB5104FF} = {02EA681E-C7D8-13C7-8484-4AC65E1B71E8}
		{C8AA4E31-9467-4FBA-BCAF-5652F4E0AAFE} = {EEBC2D81-746C-4AA2-ABC0-35E2DB5104FF}
		{E2BBD9AB-54DD-4836-876D-5688F55948BE} = {AC535EEC-C3CD-4598-9164-663B7606D469}
		{7424E21A-55F9-4DFA-B907-FD2EBA419A9D} = {EEBC2D81-746C-4AA2-ABC0-35E2DB5104FF}
	EndGlobalSection
	GlobalSection(ExtensibilityGlobals) = postSolution
		SolutionGuid = {996C26A9-E049-43EC-8566-E560083A87A6}
	EndGlobalSection
EndGlobal
